
Microsoft Visual Studio Solution File, Format Version 12.00
# Visual Studio Version 17
VisualStudioVersion = 17.11.35222.181
MinimumVisualStudioVersion = 10.0.40219.1
Project("{9A19103F-16F7-4668-BE54-9A1E7A4F7556}") = "Capstone", "Capstone\Capstone.csproj", "{EFDF22D9-DCCF-4946-86E7-6BE96EC35617}"
EndProject
Project("{9A19103F-16F7-4668-BE54-9A1E7A4F7556}") = "Wiijump.Data", "Wiijump.Data\Wiijump.Data.csproj", "{CCF296BD-9EA0-489B-AA3B-20BE730A885D}"
EndProject
Global
	GlobalSection(SolutionConfigurationPlatforms) = preSolution
		Debug|Any CPU = Debug|Any CPU
		Release|Any CPU = Release|Any CPU
	EndGlobalSection
	GlobalSection(ProjectConfigurationPlatforms) = postSolution
		{EFDF22D9-DCCF-4946-86E7-6BE96EC35617}.Debug|Any CPU.ActiveCfg = Debug|Any CPU
		{EFDF22D9-DCCF-4946-86E7-6BE96EC35617}.Debug|Any CPU.Build.0 = Debug|Any CPU
		{EFDF22D9-DCCF-4946-86E7-6BE96EC35617}.Release|Any CPU.ActiveCfg = Release|Any CPU
		{EFDF22D9-DCCF-4946-86E7-6BE96EC35617}.Release|Any CPU.Build.0 = Release|Any CPU
		{CCF296BD-9EA0-489B-AA3B-20BE730A885D}.Debug|Any CPU.ActiveCfg = Debug|Any CPU
		{CCF296BD-9EA0-489B-AA3B-20BE730A885D}.Debug|Any CPU.Build.0 = Debug|Any CPU
		{CCF296BD-9EA0-489B-AA3B-20BE730A885D}.Release|Any CPU.ActiveCfg = Release|Any CPU
		{CCF296BD-9EA0-489B-AA3B-20BE730A885D}.Release|Any CPU.Build.0 = Release|Any CPU
	EndGlobalSection
	GlobalSection(SolutionProperties) = preSolution
		HideSolutionNode = FALSE
	EndGlobalSection
	GlobalSection(ExtensibilityGlobals) = postSolution
		SolutionGuid = {2412C1A4-EB7B-4C7E-976D-44E91DAF2EBE}
	EndGlobalSection
EndGlobal
